
Microsoft Visual Studio Solution File, Format Version 12.00
# Visual Studio Version 17
VisualStudioVersion = 17.5.33209.295
MinimumVisualStudioVersion = 10.0.40219.1
Project("{FAE04EC0-301F-11D3-BF4B-00C04F79EFBC}") = "WpfApp1", "WpfApp1\WpfApp1.csproj", "{6595B73F-63C1-4DF7-AC42-A5E0D4C30633}"
EndProject
Global
	GlobalSection(SolutionConfigurationPlatforms) = preSolution
		Debug|Any CPU = Debug|Any CPU
		Release|Any CPU = Release|Any CPU
	EndGlobalSection
	GlobalSection(ProjectConfigurationPlatforms) = postSolution
		{6595B73F-63C1-4DF7-AC42-A5E0D4C30633}.Debug|Any CPU.ActiveCfg = Debug|Any CPU
		{6595B73F-63C1-4DF7-AC42-A5E0D4C30633}.Debug|Any CPU.Build.0 = Debug|Any CPU
		{6595B73F-63C1-4DF7-AC42-A5E0D4C30633}.Release|Any CPU.ActiveCfg = Release|Any CPU
		{6595B73F-63C1-4DF7-AC42-A5E0D4C30633}.Release|Any CPU.Build.0 = Release|Any CPU
	EndGlobalSection
	GlobalSection(SolutionProperties) = preSolution
		HideSolutionNode = FALSE
	EndGlobalSection
	GlobalSection(ExtensibilityGlobals) = postSolution
		SolutionGuid = {7FB0E64D-FF3C-4A31-853C-586FE8BA98AD}
	EndGlobalSection
EndGlobal
